
Microsoft Visual Studio Solution File, Format Version 12.00
# Visual Studio Version 16
VisualStudioVersion = 16.0.33801.447
MinimumVisualStudioVersion = 10.0.40219.1
Project("{FAE04EC0-301F-11D3-BF4B-00C04F79EFBC}") = "bot_misis", "bot_misis.csproj", "{48E469FB-E05D-4471-ADB2-E30D2D045511}"
EndProject
Global
	GlobalSection(SolutionConfigurationPlatforms) = preSolution
		Debug|Any CPU = Debug|Any CPU
		Release|Any CPU = Release|Any CPU
	EndGlobalSection
	GlobalSection(ProjectConfigurationPlatforms) = postSolution
		{48E469FB-E05D-4471-ADB2-E30D2D045511}.Debug|Any CPU.ActiveCfg = Debug|Any CPU
		{48E469FB-E05D-4471-ADB2-E30D2D045511}.Debug|Any CPU.Build.0 = Debug|Any CPU
		{48E469FB-E05D-4471-ADB2-E30D2D045511}.Release|Any CPU.ActiveCfg = Release|Any CPU
		{48E469FB-E05D-4471-ADB2-E30D2D045511}.Release|Any CPU.Build.0 = Release|Any CPU
	EndGlobalSection
	GlobalSection(SolutionProperties) = preSolution
		HideSolutionNode = FALSE
	EndGlobalSection
	GlobalSection(ExtensibilityGlobals) = postSolution
		SolutionGuid = {1D9AE188-7B8E-4446-BF40-49A1DFE66762}
	EndGlobalSection
EndGlobal
